
Microsoft Visual Studio Solution File, Format Version 12.00
Project("{FAE04EC0-301F-11D3-BF4B-00C04F79EFBC}") = "mars-rover-net-as-web", "mars-rover-net-as-web\mars-rover-net-as-web.csproj", "{4FAF142D-B923-4D1A-B02B-7FE946406F53}"
EndProject
Project("{FAE04EC0-301F-11D3-BF4B-00C04F79EFBC}") = "mars-rover-net-as-web.Test", "mars-rover-net-as-web.Test\mars-rover-net-as-web.Test.csproj", "{AA0F5123-A2C8-4EE5-AE99-D6AD1F4830FB}"
EndProject
Global
	GlobalSection(SolutionConfigurationPlatforms) = preSolution
		Debug|Any CPU = Debug|Any CPU
		Release|Any CPU = Release|Any CPU
	EndGlobalSection
	GlobalSection(ProjectConfigurationPlatforms) = postSolution
		{4FAF142D-B923-4D1A-B02B-7FE946406F53}.Debug|Any CPU.ActiveCfg = Debug|Any CPU
		{4FAF142D-B923-4D1A-B02B-7FE946406F53}.Debug|Any CPU.Build.0 = Debug|Any CPU
		{4FAF142D-B923-4D1A-B02B-7FE946406F53}.Release|Any CPU.ActiveCfg = Release|Any CPU
		{4FAF142D-B923-4D1A-B02B-7FE946406F53}.Release|Any CPU.Build.0 = Release|Any CPU
		{AA0F5123-A2C8-4EE5-AE99-D6AD1F4830FB}.Debug|Any CPU.ActiveCfg = Debug|Any CPU
		{AA0F5123-A2C8-4EE5-AE99-D6AD1F4830FB}.Debug|Any CPU.Build.0 = Debug|Any CPU
		{AA0F5123-A2C8-4EE5-AE99-D6AD1F4830FB}.Release|Any CPU.ActiveCfg = Release|Any CPU
		{AA0F5123-A2C8-4EE5-AE99-D6AD1F4830FB}.Release|Any CPU.Build.0 = Release|Any CPU
	EndGlobalSection
EndGlobal
